
Microsoft Visual Studio Solution File, Format Version 12.00
# Visual Studio Version 16
VisualStudioVersion = 16.0.31112.23
MinimumVisualStudioVersion = 10.0.40219.1
Project("{FAE04EC0-301F-11D3-BF4B-00C04F79EFBC}") = "TableBooker.Tests", "TableBooker.Tests\TableBooker.Tests.csproj", "{7083AAC2-4539-49F1-99DF-C041A8C1CC7D}"
EndProject
Project("{FAE04EC0-301F-11D3-BF4B-00C04F79EFBC}") = "TableBooker", "TableBooker\TableBooker.csproj", "{F7E6EC45-CECB-496C-9AB4-FB45F0938AD5}"
EndProject
Global
	GlobalSection(SolutionConfigurationPlatforms) = preSolution
		Debug|Any CPU = Debug|Any CPU
		Release|Any CPU = Release|Any CPU
	EndGlobalSection
	GlobalSection(ProjectConfigurationPlatforms) = postSolution
		{7083AAC2-4539-49F1-99DF-C041A8C1CC7D}.Debug|Any CPU.ActiveCfg = Debug|Any CPU
		{7083AAC2-4539-49F1-99DF-C041A8C1CC7D}.Debug|Any CPU.Build.0 = Debug|Any CPU
		{7083AAC2-4539-49F1-99DF-C041A8C1CC7D}.Release|Any CPU.ActiveCfg = Release|Any CPU
		{7083AAC2-4539-49F1-99DF-C041A8C1CC7D}.Release|Any CPU.Build.0 = Release|Any CPU
		{F7E6EC45-CECB-496C-9AB4-FB45F0938AD5}.Debug|Any CPU.ActiveCfg = Debug|Any CPU
		{F7E6EC45-CECB-496C-9AB4-FB45F0938AD5}.Debug|Any CPU.Build.0 = Debug|Any CPU
		{F7E6EC45-CECB-496C-9AB4-FB45F0938AD5}.Release|Any CPU.ActiveCfg = Release|Any CPU
		{F7E6EC45-CECB-496C-9AB4-FB45F0938AD5}.Release|Any CPU.Build.0 = Release|Any CPU
	EndGlobalSection
	GlobalSection(SolutionProperties) = preSolution
		HideSolutionNode = FALSE
	EndGlobalSection
	GlobalSection(ExtensibilityGlobals) = postSolution
		SolutionGuid = {0CAED6AD-46BB-40B4-B7B0-2D83DDF8ECC7}
	EndGlobalSection
EndGlobal
